
Microsoft Visual Studio Solution File, Format Version 12.00
# Visual Studio 15
VisualStudioVersion = 15.0.28010.2046
MinimumVisualStudioVersion = 10.0.40219.1
Project("{FAE04EC0-301F-11D3-BF4B-00C04F79EFBC}") = "Inventory", "Inventory\Inventory.csproj", "{45A071B0-94AA-480D-8AD6-87B10F53EA22}"
EndProject
Global
	GlobalSection(SolutionConfigurationPlatforms) = preSolution
		Debug|Any CPU = Debug|Any CPU
		Release|Any CPU = Release|Any CPU
	EndGlobalSection
	GlobalSection(ProjectConfigurationPlatforms) = postSolution
		{45A071B0-94AA-480D-8AD6-87B10F53EA22}.Debug|Any CPU.ActiveCfg = Debug|Any CPU
		{45A071B0-94AA-480D-8AD6-87B10F53EA22}.Debug|Any CPU.Build.0 = Debug|Any CPU
		{45A071B0-94AA-480D-8AD6-87B10F53EA22}.Release|Any CPU.ActiveCfg = Release|Any CPU
		{45A071B0-94AA-480D-8AD6-87B10F53EA22}.Release|Any CPU.Build.0 = Release|Any CPU
	EndGlobalSection
	GlobalSection(SolutionProperties) = preSolution
		HideSolutionNode = FALSE
	EndGlobalSection
	GlobalSection(ExtensibilityGlobals) = postSolution
		SolutionGuid = {98D29BD5-9210-4784-B1E7-EEC6C88B1D4E}
	EndGlobalSection
EndGlobal
